
Microsoft Visual Studio Solution File, Format Version 12.00
# Visual Studio Version 17
VisualStudioVersion = 17.3.32825.248
MinimumVisualStudioVersion = 10.0.40219.1
Project("{FAE04EC0-301F-11D3-BF4B-00C04F79EFBC}") = "FunctionApp1", "FunctionApp1\FunctionApp1.csproj", "{98B5FC08-31AE-45AA-89FA-0864F96FA017}"
EndProject
Global
	GlobalSection(SolutionConfigurationPlatforms) = preSolution
		Debug|Any CPU = Debug|Any CPU
		Release|Any CPU = Release|Any CPU
	EndGlobalSection
	GlobalSection(ProjectConfigurationPlatforms) = postSolution
		{98B5FC08-31AE-45AA-89FA-0864F96FA017}.Debug|Any CPU.ActiveCfg = Debug|Any CPU
		{98B5FC08-31AE-45AA-89FA-0864F96FA017}.Debug|Any CPU.Build.0 = Debug|Any CPU
		{98B5FC08-31AE-45AA-89FA-0864F96FA017}.Release|Any CPU.ActiveCfg = Release|Any CPU
		{98B5FC08-31AE-45AA-89FA-0864F96FA017}.Release|Any CPU.Build.0 = Release|Any CPU
	EndGlobalSection
	GlobalSection(SolutionProperties) = preSolution
		HideSolutionNode = FALSE
	EndGlobalSection
	GlobalSection(ExtensibilityGlobals) = postSolution
		SolutionGuid = {337A26DF-3C66-4951-924C-9D26C7C238A6}
	EndGlobalSection
EndGlobal
